{
    "_readme": [
        "This file locks the dependencies of your project to a known state",
        "Read more about it at https://getcomposer.org/doc/01-basic-usage.md#installing-dependencies",
        "This file is @generated automatically"
    ],
    "content-hash": "5c544f35f881c8da5a8c6830250d51f5",
    "packages": [
        {
            "name": "altorouter/altorouter",
            "version": "2.0.3",
            "source": {
                "type": "git",
                "url": "https://github.com/dannyvankooten/AltoRouter.git",
                "reference": "9931b976423f7334c94f7b5b348be8ab1da3415d"
            },
            "dist": {
                "type": "zip",
                "url": "https://api.github.com/repos/dannyvankooten/AltoRouter/zipball/9931b976423f7334c94f7b5b348be8ab1da3415d",
                "reference": "9931b976423f7334c94f7b5b348be8ab1da3415d",
                "shasum": ""
            },
            "require": {
                "php": ">=7.3"
            },
            "require-dev": {
                "phpunit/phpunit": "9.6.*",
                "squizlabs/php_codesniffer": "3.6.2"
            },
            "type": "library",
            "autoload": {
                "classmap": [
                    "AltoRouter.php"
                ]
            },
            "notification-url": "https://packagist.org/downloads/",
            "license": [
                "MIT"
            ],
            "authors": [
                {
                    "name": "Danny van Kooten",
                    "email": "dannyvankooten@gmail.com",
                    "homepage": "http://dannyvankooten.com/"
                },
                {
                    "name": "Koen Punt",
                    "homepage": "https://github.com/koenpunt"
                },
                {
                    "name": "niahoo",
                    "homepage": "https://github.com/niahoo"
                }
            ],
            "description": "A lightning fast router for PHP",
            "homepage": "https://github.com/dannyvankooten/AltoRouter",
            "keywords": [
                "lightweight",
                "router",
                "routing"
            ],
            "support": {
                "source": "https://github.com/dannyvankooten/AltoRouter/tree/2.0.3"
            },
            "time": "2025-01-05T20:33:28+00:00"
        },
        {
            "name": "gabordemooij/redbean",
            "version": "v5.7.5",
            "source": {
                "type": "git",
                "url": "https://github.com/gabordemooij/redbean.git",
                "reference": "fc08c2f9bc5a4f5074721b0d9039881be244f842"
            },
            "dist": {
                "type": "zip",
                "url": "https://api.github.com/repos/gabordemooij/redbean/zipball/fc08c2f9bc5a4f5074721b0d9039881be244f842",
                "reference": "fc08c2f9bc5a4f5074721b0d9039881be244f842",
                "shasum": ""
            },
            "require": {
                "php": ">=5.3.4"
            },
            "type": "library",
            "autoload": {
                "psr-4": {
                    "RedBeanPHP\\": "RedBeanPHP"
                }
            },
            "notification-url": "https://packagist.org/downloads/",
            "license": [
                "BSD-3-Clause"
            ],
            "authors": [
                {
                    "name": "Gabor de Mooij",
                    "email": "gabor@redbeanphp.com",
                    "homepage": "https://redbeanphp.com"
                }
            ],
            "description": "RedBeanPHP ORM",
            "homepage": "https://redbeanphp.com/",
            "keywords": [
                "orm"
            ],
            "support": {
                "issues": "https://github.com/gabordemooij/redbean/issues",
                "source": "https://github.com/gabordemooij/redbean/tree/v5.7.5"
            },
            "time": "2025-05-01T17:41:56+00:00"
        }
    ],
    "packages-dev": [],
    "aliases": [],
    "minimum-stability": "stable",
    "stability-flags": {},
    "prefer-stable": false,
    "prefer-lowest": false,
    "platform": {},
    "platform-dev": {},
    "plugin-api-version": "2.6.0"
}
